
Microsoft Visual Studio Solution File, Format Version 12.00
# Visual Studio Version 17
VisualStudioVersion = 17.11.35219.272
MinimumVisualStudioVersion = 10.0.40219.1
Project("{FAE04EC0-301F-11D3-BF4B-00C04F79EFBC}") = "Flyweight_pattern", "Flyweight_pattern.csproj", "{60C7C12D-2AB0-4CD7-A0DE-9DB19E5FDF37}"
EndProject
Global
	GlobalSection(SolutionConfigurationPlatforms) = preSolution
		Debug|Any CPU = Debug|Any CPU
		Release|Any CPU = Release|Any CPU
	EndGlobalSection
	GlobalSection(ProjectConfigurationPlatforms) = postSolution
		{60C7C12D-2AB0-4CD7-A0DE-9DB19E5FDF37}.Debug|Any CPU.ActiveCfg = Debug|Any CPU
		{60C7C12D-2AB0-4CD7-A0DE-9DB19E5FDF37}.Debug|Any CPU.Build.0 = Debug|Any CPU
		{60C7C12D-2AB0-4CD7-A0DE-9DB19E5FDF37}.Release|Any CPU.ActiveCfg = Release|Any CPU
		{60C7C12D-2AB0-4CD7-A0DE-9DB19E5FDF37}.Release|Any CPU.Build.0 = Release|Any CPU
	EndGlobalSection
	GlobalSection(SolutionProperties) = preSolution
		HideSolutionNode = FALSE
	EndGlobalSection
	GlobalSection(ExtensibilityGlobals) = postSolution
		SolutionGuid = {E56C2739-CBCC-44A7-84CB-7D855E79FFD5}
	EndGlobalSection
EndGlobal
